
Microsoft Visual Studio Solution File, Format Version 10.00
# Visual Studio 2008
Project("{8BC9CEB8-8B4A-11D0-8D11-00A0C91BC942}") = "WinradUSRP", "Winrad\WinradUSRP.vcproj", "{70F3CCC6-D42E-4D18-A46F-ACCDB0D472A6}"
	ProjectSection(ProjectDependencies) = postProject
		{DC532123-E331-4F38-A44A-F69DB3ACB436} = {DC532123-E331-4F38-A44A-F69DB3ACB436}
	EndProjectSection
EndProject
Project("{8BC9CEB8-8B4A-11D0-8D11-00A0C91BC942}") = "BorIP", "BorIP\BorIP.vcproj", "{B02242EC-2DFA-4D24-8458-8D8F3FA0874D}"
	ProjectSection(ProjectDependencies) = postProject
		{DC532123-E331-4F38-A44A-F69DB3ACB436} = {DC532123-E331-4F38-A44A-F69DB3ACB436}
	EndProjectSection
EndProject
Project("{8BC9CEB8-8B4A-11D0-8D11-00A0C91BC942}") = "libusrp", "libusrp\libusrp.vcproj", "{DC532123-E331-4F38-A44A-F69DB3ACB436}"
EndProject
Global
	GlobalSection(SubversionScc) = preSolution
		Svn-Managed = True
		Manager = AnkhSVN - Subversion Support for Visual Studio
	EndGlobalSection
	GlobalSection(SolutionConfigurationPlatforms) = preSolution
		Debug|Win32 = Debug|Win32
		Release|Win32 = Release|Win32
	EndGlobalSection
	GlobalSection(ProjectConfigurationPlatforms) = postSolution
		{70F3CCC6-D42E-4D18-A46F-ACCDB0D472A6}.Debug|Win32.ActiveCfg = Debug|Win32
		{70F3CCC6-D42E-4D18-A46F-ACCDB0D472A6}.Debug|Win32.Build.0 = Debug|Win32
		{70F3CCC6-D42E-4D18-A46F-ACCDB0D472A6}.Release|Win32.ActiveCfg = Release|Win32
		{70F3CCC6-D42E-4D18-A46F-ACCDB0D472A6}.Release|Win32.Build.0 = Release|Win32
		{B02242EC-2DFA-4D24-8458-8D8F3FA0874D}.Debug|Win32.ActiveCfg = Debug|Win32
		{B02242EC-2DFA-4D24-8458-8D8F3FA0874D}.Debug|Win32.Build.0 = Debug|Win32
		{B02242EC-2DFA-4D24-8458-8D8F3FA0874D}.Release|Win32.ActiveCfg = Debuggable Release|Win32
		{B02242EC-2DFA-4D24-8458-8D8F3FA0874D}.Release|Win32.Build.0 = Debuggable Release|Win32
		{DC532123-E331-4F38-A44A-F69DB3ACB436}.Debug|Win32.ActiveCfg = Debug|Win32
		{DC532123-E331-4F38-A44A-F69DB3ACB436}.Debug|Win32.Build.0 = Debug|Win32
		{DC532123-E331-4F38-A44A-F69DB3ACB436}.Release|Win32.ActiveCfg = Release|Win32
		{DC532123-E331-4F38-A44A-F69DB3ACB436}.Release|Win32.Build.0 = Release|Win32
	EndGlobalSection
	GlobalSection(SolutionProperties) = preSolution
		HideSolutionNode = FALSE
	EndGlobalSection
EndGlobal
